# THIS IS AN AUTOGENERATED FILE. DO NOT EDIT THIS FILE DIRECTLY.
# yarn lockfile v1


"@types/assert@^1.5.2":
  version "1.5.2"
  resolved "https://registry.yarnpkg.com/@types/assert/-/assert-1.5.2.tgz#dbc440f6bd7a83b03c37c65e81076d07cf8becdc"
  integrity sha512-DLsoZH9z5DLDi6qMbXKqeqlQLK1h3rfR9dK+KX8UJSGHJylvIZPOCQEKr/d/FClPoZE/eHOa3+e270eUJCUTog==
